# THIS IS AN AUTOGENERATED FILE. DO NOT EDIT THIS FILE DIRECTLY.
# yarn lockfile v1


"@esbuild/aix-ppc64@0.21.5":
  version "0.21.5"
  resolved "https://registry.yarnpkg.com/@esbuild/aix-ppc64/-/aix-ppc64-0.21.5.tgz#c7184a326533fcdf1b8ee0733e21c713b975575f"
  integrity sha512-1SDgH6ZSPTlggy1yI6+Dbkiz8xzpHJEVAlF/AM1tHPLsf5STom9rwtjE4hKAF20FfXXNTFqEYXyJNWh1GiZedQ==

"@esbuild/android-arm64@0.21.5":
  version "0.21.5"
  resolved "https://registry.yarnpkg.com/@esbuild/android-arm64/-/android-arm64-0.21.5.tgz#09d9b4357780da9ea3a7dfb833a1f1ff439b4052"
  integrity sha512-c0uX9VAUBQ7dTDCjq+wdyGLowMdtR/GoC2U5IYk/7D1H1JYC0qseD7+11iMP2mRLN9RcCMRcjC4YMclCzGwS/A==

"@esbuild/android-arm@0.21.5":
  version "0.21.5"
  resolved "https://registry.yarnpkg.com/@esbuild/android-arm/-/android-arm-0.21.5.tgz#9b04384fb771926dfa6d7ad04324ecb2ab9b2e28"
  integrity sha512-vCPvzSjpPHEi1siZdlvAlsPxXl7WbOVUBBAowWug4rJHb68Ox8KualB+1ocNvT5fjv6wpkX6o/iEpbDrf68zcg==

"@esbuild/android-x64@0.21.5":
  version "0.21.5"
  resolved "https://registry.yarnpkg.com/@esbuild/android-x64/-/android-x64-0.21.5.tgz#29918ec2db754cedcb6c1b04de8cd6547af6461e"
  integrity sha512-D7aPRUUNHRBwHxzxRvp856rjUHRFW1SdQATKXH2hqA0kAZb1hKmi02OpYRacl0TxIGz/ZmXWlbZgjwWYaCakTA==

"@esbuild/darwin-arm64@0.21.5":
  version "0.21.5"
  resolved "https://registry.yarnpkg.com/@esbuild/darwin-arm64/-/darwin-arm64-0.21.5.tgz#e495b539660e51690f3928af50a76fb0a6ccff2a"
  integrity sha512-DwqXqZyuk5AiWWf3UfLiRDJ5EDd49zg6O9wclZ7kUMv2WRFr4HKjXp/5t8JZ11QbQfUS6/cRCKGwYhtNAY88kQ==

"@esbuild/darwin-x64@0.21.5":
  version "0.21.5"
  resolved "https://registry.yarnpkg.com/@esbuild/darwin-x64/-/darwin-x64-0.21.5.tgz#c13838fa57372839abdddc91d71542ceea2e1e22"
  integrity sha512-se/JjF8NlmKVG4kNIuyWMV/22ZaerB+qaSi5MdrXtd6R08kvs2qCN4C09miupktDitvh8jRFflwGFBQcxZRjbw==

"@esbuild/freebsd-arm64@0.21.5":
  version "0.21.5"
  resolved "https://registry.yarnpkg.com/@esbuild/freebsd-arm64/-/freebsd-arm64-0.21.5.tgz#646b989aa20bf89fd071dd5dbfad69a3542e550e"
  integrity sha512-5JcRxxRDUJLX8JXp/wcBCy3pENnCgBR9bN6JsY4OmhfUtIHe3ZW0mawA7+RDAcMLrMIZaf03NlQiX9DGyB8h4g==

"@esbuild/freebsd-x64@0.21.5":
  version "0.21.5"
  resolved "https://registry.yarnpkg.com/@esbuild/freebsd-x64/-/freebsd-x64-0.21.5.tgz#aa615cfc80af954d3458906e38ca22c18cf5c261"
  integrity sha512-J95kNBj1zkbMXtHVH29bBriQygMXqoVQOQYA+ISs0/2l3T9/kj42ow2mpqerRBxDJnmkUDCaQT/dfNXWX/ZZCQ==

"@esbuild/linux-arm64@0.21.5":
  version "0.21.5"
  resolved "https://registry.yarnpkg.com/@esbuild/linux-arm64/-/linux-arm64-0.21.5.tgz#70ac6fa14f5cb7e1f7f887bcffb680ad09922b5b"
  integrity sha512-ibKvmyYzKsBeX8d8I7MH/TMfWDXBF3db4qM6sy+7re0YXya+K1cem3on9XgdT2EQGMu4hQyZhan7TeQ8XkGp4Q==

"@esbuild/linux-arm@0.21.5":
  version "0.21.5"
  resolved "https://registry.yarnpkg.com/@esbuild/linux-arm/-/linux-arm-0.21.5.tgz#fc6fd11a8aca56c1f6f3894f2bea0479f8f626b9"
  integrity sha512-bPb5AHZtbeNGjCKVZ9UGqGwo8EUu4cLq68E95A53KlxAPRmUyYv2D6F0uUI65XisGOL1hBP5mTronbgo+0bFcA==

"@esbuild/linux-ia32@0.21.5":
  version "0.21.5"
  resolved "https://registry.yarnpkg.com/@esbuild/linux-ia32/-/linux-ia32-0.21.5.tgz#3271f53b3f93e3d093d518d1649d6d68d346ede2"
  integrity sha512-YvjXDqLRqPDl2dvRODYmmhz4rPeVKYvppfGYKSNGdyZkA01046pLWyRKKI3ax8fbJoK5QbxblURkwK/MWY18Tg==

"@esbuild/linux-loong64@0.21.5":
  version "0.21.5"
  resolved "https://registry.yarnpkg.com/@esbuild/linux-loong64/-/linux-loong64-0.21.5.tgz#ed62e04238c57026aea831c5a130b73c0f9f26df"
  integrity sha512-uHf1BmMG8qEvzdrzAqg2SIG/02+4/DHB6a9Kbya0XDvwDEKCoC8ZRWI5JJvNdUjtciBGFQ5PuBlpEOXQj+JQSg==

"@esbuild/linux-mips64el@0.21.5":
  version "0.21.5"
  resolved "https://registry.yarnpkg.com/@esbuild/linux-mips64el/-/linux-mips64el-0.21.5.tgz#e79b8eb48bf3b106fadec1ac8240fb97b4e64cbe"
  integrity sha512-IajOmO+KJK23bj52dFSNCMsz1QP1DqM6cwLUv3W1QwyxkyIWecfafnI555fvSGqEKwjMXVLokcV5ygHW5b3Jbg==

"@esbuild/linux-ppc64@0.21.5":
  version "0.21.5"
  resolved "https://registry.yarnpkg.com/@esbuild/linux-ppc64/-/linux-ppc64-0.21.5.tgz#5f2203860a143b9919d383ef7573521fb154c3e4"
  integrity sha512-1hHV/Z4OEfMwpLO8rp7CvlhBDnjsC3CttJXIhBi+5Aj5r+MBvy4egg7wCbe//hSsT+RvDAG7s81tAvpL2XAE4w==

"@esbuild/linux-riscv64@0.21.5":
  version "0.21.5"
  resolved "https://registry.yarnpkg.com/@esbuild/linux-riscv64/-/linux-riscv64-0.21.5.tgz#07bcafd99322d5af62f618cb9e6a9b7f4bb825dc"
  integrity sha512-2HdXDMd9GMgTGrPWnJzP2ALSokE/0O5HhTUvWIbD3YdjME8JwvSCnNGBnTThKGEB91OZhzrJ4qIIxk/SBmyDDA==

"@esbuild/linux-s390x@0.21.5":
  version "0.21.5"
  resolved "https://registry.yarnpkg.com/@esbuild/linux-s390x/-/linux-s390x-0.21.5.tgz#b7ccf686751d6a3e44b8627ababc8be3ef62d8de"
  integrity sha512-zus5sxzqBJD3eXxwvjN1yQkRepANgxE9lgOW2qLnmr8ikMTphkjgXu1HR01K4FJg8h1kEEDAqDcZQtbrRnB41A==

"@esbuild/linux-x64@0.21.5":
  version "0.21.5"
  resolved "https://registry.yarnpkg.com/@esbuild/linux-x64/-/linux-x64-0.21.5.tgz#6d8f0c768e070e64309af8004bb94e68ab2bb3b0"
  integrity sha512-1rYdTpyv03iycF1+BhzrzQJCdOuAOtaqHTWJZCWvijKD2N5Xu0TtVC8/+1faWqcP9iBCWOmjmhoH94dH82BxPQ==

"@esbuild/netbsd-x64@0.21.5":
  version "0.21.5"
  resolved "https://registry.yarnpkg.com/@esbuild/netbsd-x64/-/netbsd-x64-0.21.5.tgz#bbe430f60d378ecb88decb219c602667387a6047"
  integrity sha512-Woi2MXzXjMULccIwMnLciyZH4nCIMpWQAs049KEeMvOcNADVxo0UBIQPfSmxB3CWKedngg7sWZdLvLczpe0tLg==

"@esbuild/openbsd-x64@0.21.5":
  version "0.21.5"
  resolved "https://registry.yarnpkg.com/@esbuild/openbsd-x64/-/openbsd-x64-0.21.5.tgz#99d1cf2937279560d2104821f5ccce220cb2af70"
  integrity sha512-HLNNw99xsvx12lFBUwoT8EVCsSvRNDVxNpjZ7bPn947b8gJPzeHWyNVhFsaerc0n3TsbOINvRP2byTZ5LKezow==

"@esbuild/sunos-x64@0.21.5":
  version "0.21.5"
  resolved "https://registry.yarnpkg.com/@esbuild/sunos-x64/-/sunos-x64-0.21.5.tgz#08741512c10d529566baba837b4fe052c8f3487b"
  integrity sha512-6+gjmFpfy0BHU5Tpptkuh8+uw3mnrvgs+dSPQXQOv3ekbordwnzTVEb4qnIvQcYXq6gzkyTnoZ9dZG+D4garKg==

"@esbuild/win32-arm64@0.21.5":
  version "0.21.5"
  resolved "https://registry.yarnpkg.com/@esbuild/win32-arm64/-/win32-arm64-0.21.5.tgz#675b7385398411240735016144ab2e99a60fc75d"
  integrity sha512-Z0gOTd75VvXqyq7nsl93zwahcTROgqvuAcYDUr+vOv8uHhNSKROyU961kgtCD1e95IqPKSQKH7tBTslnS3tA8A==

"@esbuild/win32-ia32@0.21.5":
  version "0.21.5"
  resolved "https://registry.yarnpkg.com/@esbuild/win32-ia32/-/win32-ia32-0.21.5.tgz#1bfc3ce98aa6ca9a0969e4d2af72144c59c1193b"
  integrity sha512-SWXFF1CL2RVNMaVs+BBClwtfZSvDgtL//G/smwAc5oVK/UPu2Gu9tIaRgFmYFFKrmg3SyAjSrElf0TiJ1v8fYA==

"@esbuild/win32-x64@0.21.5":
  version "0.21.5"
  resolved "https://registry.yarnpkg.com/@esbuild/win32-x64/-/win32-x64-0.21.5.tgz#acad351d582d157bb145535db2a6ff53dd514b5c"
  integrity sha512-tQd/1efJuzPC6rCFwEvLtci/xNFcTZknmXs98FYDfGE4wP9ClFV98nyKrzJKVPMhdDnjzLhdUyMX4PsQAPjwIw==

"@rollup/rollup-android-arm-eabi@4.44.0":
  version "4.44.0"
  resolved "https://registry.yarnpkg.com/@rollup/rollup-android-arm-eabi/-/rollup-android-arm-eabi-4.44.0.tgz#a3e4e4b2baf0bade6918cf5135c3ef7eee653196"
  integrity sha512-xEiEE5oDW6tK4jXCAyliuntGR+amEMO7HLtdSshVuhFnKTYoeYMyXQK7pLouAJJj5KHdwdn87bfHAR2nSdNAUA==

"@rollup/rollup-android-arm64@4.44.0":
  version "4.44.0"
  resolved "https://registry.yarnpkg.com/@rollup/rollup-android-arm64/-/rollup-android-arm64-4.44.0.tgz#63566b0e76c62d4f96d44448f38a290562280200"
  integrity sha512-uNSk/TgvMbskcHxXYHzqwiyBlJ/lGcv8DaUfcnNwict8ba9GTTNxfn3/FAoFZYgkaXXAdrAA+SLyKplyi349Jw==

"@rollup/rollup-darwin-arm64@4.44.0":
  version "4.44.0"
  resolved "https://registry.yarnpkg.com/@rollup/rollup-darwin-arm64/-/rollup-darwin-arm64-4.44.0.tgz#60a51a61b22b1f4fdf97b4adf5f0f447f492759d"
  integrity sha512-VGF3wy0Eq1gcEIkSCr8Ke03CWT+Pm2yveKLaDvq51pPpZza3JX/ClxXOCmTYYq3us5MvEuNRTaeyFThCKRQhOA==

"@rollup/rollup-darwin-x64@4.44.0":
  version "4.44.0"
  resolved "https://registry.yarnpkg.com/@rollup/rollup-darwin-x64/-/rollup-darwin-x64-4.44.0.tgz#bfe3059440f7032de11e749ece868cd7f232e609"
  integrity sha512-fBkyrDhwquRvrTxSGH/qqt3/T0w5Rg0L7ZIDypvBPc1/gzjJle6acCpZ36blwuwcKD/u6oCE/sRWlUAcxLWQbQ==

"@rollup/rollup-freebsd-arm64@4.44.0":
  version "4.44.0"
  resolved "https://registry.yarnpkg.com/@rollup/rollup-freebsd-arm64/-/rollup-freebsd-arm64-4.44.0.tgz#d5d4c6cd3b8acb7493b76227d8b2b4a2d732a37b"
  integrity sha512-u5AZzdQJYJXByB8giQ+r4VyfZP+walV+xHWdaFx/1VxsOn6eWJhK2Vl2eElvDJFKQBo/hcYIBg/jaKS8ZmKeNQ==

"@rollup/rollup-freebsd-x64@4.44.0":
  version "4.44.0"
  resolved "https://registry.yarnpkg.com/@rollup/rollup-freebsd-x64/-/rollup-freebsd-x64-4.44.0.tgz#cb4e1547b572cd0144c5fbd6c4a0edfed5fe6024"
  integrity sha512-qC0kS48c/s3EtdArkimctY7h3nHicQeEUdjJzYVJYR3ct3kWSafmn6jkNCA8InbUdge6PVx6keqjk5lVGJf99g==

"@rollup/rollup-linux-arm-gnueabihf@4.44.0":
  version "4.44.0"
  resolved "https://registry.yarnpkg.com/@rollup/rollup-linux-arm-gnueabihf/-/rollup-linux-arm-gnueabihf-4.44.0.tgz#feb81bd086f6a469777f75bec07e1bdf93352e69"
  integrity sha512-x+e/Z9H0RAWckn4V2OZZl6EmV0L2diuX3QB0uM1r6BvhUIv6xBPL5mrAX2E3e8N8rEHVPwFfz/ETUbV4oW9+lQ==

"@rollup/rollup-linux-arm-musleabihf@4.44.0":
  version "4.44.0"
  resolved "https://registry.yarnpkg.com/@rollup/rollup-linux-arm-musleabihf/-/rollup-linux-arm-musleabihf-4.44.0.tgz#68bff1c6620c155c9d8f5ee6a83c46eb50486f18"
  integrity sha512-1exwiBFf4PU/8HvI8s80icyCcnAIB86MCBdst51fwFmH5dyeoWVPVgmQPcKrMtBQ0W5pAs7jBCWuRXgEpRzSCg==

"@rollup/rollup-linux-arm64-gnu@4.44.0":
  version "4.44.0"
  resolved "https://registry.yarnpkg.com/@rollup/rollup-linux-arm64-gnu/-/rollup-linux-arm64-gnu-4.44.0.tgz#dbc5036a85e3ca3349887c8bdbebcfd011e460b0"
  integrity sha512-ZTR2mxBHb4tK4wGf9b8SYg0Y6KQPjGpR4UWwTFdnmjB4qRtoATZ5dWn3KsDwGa5Z2ZBOE7K52L36J9LueKBdOQ==

"@rollup/rollup-linux-arm64-musl@4.44.0":
  version "4.44.0"
  resolved "https://registry.yarnpkg.com/@rollup/rollup-linux-arm64-musl/-/rollup-linux-arm64-musl-4.44.0.tgz#72efc633aa0b93531bdfc69d70bcafa88e6152fc"
  integrity sha512-GFWfAhVhWGd4r6UxmnKRTBwP1qmModHtd5gkraeW2G490BpFOZkFtem8yuX2NyafIP/mGpRJgTJ2PwohQkUY/Q==

"@rollup/rollup-linux-loongarch64-gnu@4.44.0":
  version "4.44.0"
  resolved "https://registry.yarnpkg.com/@rollup/rollup-linux-loongarch64-gnu/-/rollup-linux-loongarch64-gnu-4.44.0.tgz#9b6a49afde86c8f57ca11efdf8fd8d7c52048817"
  integrity sha512-xw+FTGcov/ejdusVOqKgMGW3c4+AgqrfvzWEVXcNP6zq2ue+lsYUgJ+5Rtn/OTJf7e2CbgTFvzLW2j0YAtj0Gg==

"@rollup/rollup-linux-powerpc64le-gnu@4.44.0":
  version "4.44.0"
  resolved "https://registry.yarnpkg.com/@rollup/rollup-linux-powerpc64le-gnu/-/rollup-linux-powerpc64le-gnu-4.44.0.tgz#93cb96073efab0cdbf419c8dfc44b5e2bd815139"
  integrity sha512-bKGibTr9IdF0zr21kMvkZT4K6NV+jjRnBoVMt2uNMG0BYWm3qOVmYnXKzx7UhwrviKnmK46IKMByMgvpdQlyJQ==

"@rollup/rollup-linux-riscv64-gnu@4.44.0":
  version "4.44.0"
  resolved "https://registry.yarnpkg.com/@rollup/rollup-linux-riscv64-gnu/-/rollup-linux-riscv64-gnu-4.44.0.tgz#028708f73c8130ae924e5c3755de50fe93687249"
  integrity sha512-vV3cL48U5kDaKZtXrti12YRa7TyxgKAIDoYdqSIOMOFBXqFj2XbChHAtXquEn2+n78ciFgr4KIqEbydEGPxXgA==

"@rollup/rollup-linux-riscv64-musl@4.44.0":
  version "4.44.0"
  resolved "https://registry.yarnpkg.com/@rollup/rollup-linux-riscv64-musl/-/rollup-linux-riscv64-musl-4.44.0.tgz#878bfb158b2cf6671b7611fd58e5c80d9144ac6c"
  integrity sha512-TDKO8KlHJuvTEdfw5YYFBjhFts2TR0VpZsnLLSYmB7AaohJhM8ctDSdDnUGq77hUh4m/djRafw+9zQpkOanE2Q==

"@rollup/rollup-linux-s390x-gnu@4.44.0":
  version "4.44.0"
  resolved "https://registry.yarnpkg.com/@rollup/rollup-linux-s390x-gnu/-/rollup-linux-s390x-gnu-4.44.0.tgz#59b4ebb2129d34b7807ed8c462ff0baaefca9ad4"
  integrity sha512-8541GEyktXaw4lvnGp9m84KENcxInhAt6vPWJ9RodsB/iGjHoMB2Pp5MVBCiKIRxrxzJhGCxmNzdu+oDQ7kwRA==

"@rollup/rollup-linux-x64-gnu@4.44.0":
  version "4.44.0"
  resolved "https://registry.yarnpkg.com/@rollup/rollup-linux-x64-gnu/-/rollup-linux-x64-gnu-4.44.0.tgz#597d40f60d4b15bedbbacf2491a69c5b67a58e93"
  integrity sha512-iUVJc3c0o8l9Sa/qlDL2Z9UP92UZZW1+EmQ4xfjTc1akr0iUFZNfxrXJ/R1T90h/ILm9iXEY6+iPrmYB3pXKjw==

"@rollup/rollup-linux-x64-musl@4.44.0":
  version "4.44.0"
  resolved "https://registry.yarnpkg.com/@rollup/rollup-linux-x64-musl/-/rollup-linux-x64-musl-4.44.0.tgz#0a062d6fee35ec4fbb607b2a9d933a9372ccf63a"
  integrity sha512-PQUobbhLTQT5yz/SPg116VJBgz+XOtXt8D1ck+sfJJhuEsMj2jSej5yTdp8CvWBSceu+WW+ibVL6dm0ptG5fcA==

"@rollup/rollup-win32-arm64-msvc@4.44.0":
  version "4.44.0"
  resolved "https://registry.yarnpkg.com/@rollup/rollup-win32-arm64-msvc/-/rollup-win32-arm64-msvc-4.44.0.tgz#41ffab489857987c75385b0fc8cccf97f7e69d0a"
  integrity sha512-M0CpcHf8TWn+4oTxJfh7LQuTuaYeXGbk0eageVjQCKzYLsajWS/lFC94qlRqOlyC2KvRT90ZrfXULYmukeIy7w==

"@rollup/rollup-win32-ia32-msvc@4.44.0":
  version "4.44.0"
  resolved "https://registry.yarnpkg.com/@rollup/rollup-win32-ia32-msvc/-/rollup-win32-ia32-msvc-4.44.0.tgz#d9fb61d98eedfa52720b6ed9f31442b3ef4b839f"
  integrity sha512-3XJ0NQtMAXTWFW8FqZKcw3gOQwBtVWP/u8TpHP3CRPXD7Pd6s8lLdH3sHWh8vqKCyyiI8xW5ltJScQmBU9j7WA==

"@rollup/rollup-win32-x64-msvc@4.44.0":
  version "4.44.0"
  resolved "https://registry.yarnpkg.com/@rollup/rollup-win32-x64-msvc/-/rollup-win32-x64-msvc-4.44.0.tgz#a36e79b6ccece1533f777a1bca1f89c13f0c5f62"
  integrity sha512-Q2Mgwt+D8hd5FIPUuPDsvPR7Bguza6yTkJxspDGkZj7tBRn2y4KSWYuIXpftFSjBra76TbKerCV7rgFPQrn+wQ==

"@tauri-apps/api@^2.0.0":
  version "2.5.0"
  resolved "https://registry.yarnpkg.com/@tauri-apps/api/-/api-2.5.0.tgz#f1c67b5505ba689621b549f9d0165389337586dc"
  integrity sha512-Ldux4ip+HGAcPUmuLT8EIkk6yafl5vK0P0c0byzAKzxJh7vxelVtdPONjfgTm96PbN24yjZNESY8CKo8qniluA==

"@tauri-apps/cli-darwin-arm64@2.5.0":
  version "2.5.0"
  resolved "https://registry.yarnpkg.com/@tauri-apps/cli-darwin-arm64/-/cli-darwin-arm64-2.5.0.tgz#930ce605d5624e6a11ed9f57f17c605a4443a3f5"
  integrity sha512-VuVAeTFq86dfpoBDNYAdtQVLbP0+2EKCHIIhkaxjeoPARR0sLpFHz2zs0PcFU76e+KAaxtEtAJAXGNUc8E1PzQ==

"@tauri-apps/cli-darwin-x64@2.5.0":
  version "2.5.0"
  resolved "https://registry.yarnpkg.com/@tauri-apps/cli-darwin-x64/-/cli-darwin-x64-2.5.0.tgz#f7272a8b79e66af95da62c7a3ae81a916864b35f"
  integrity sha512-hUF01sC06cZVa8+I0/VtsHOk9BbO75rd+YdtHJ48xTdcYaQ5QIwL4yZz9OR1AKBTaUYhBam8UX9Pvd5V2/4Dpw==

"@tauri-apps/cli-linux-arm-gnueabihf@2.5.0":
  version "2.5.0"
  resolved "https://registry.yarnpkg.com/@tauri-apps/cli-linux-arm-gnueabihf/-/cli-linux-arm-gnueabihf-2.5.0.tgz#faca4c693226b95c85662c6cbf55a715f86ddcc7"
  integrity sha512-LQKqttsK252LlqYyX8R02MinUsfFcy3+NZiJwHFgi5Y3+ZUIAED9cSxJkyNtuY5KMnR4RlpgWyLv4P6akN1xhg==

"@tauri-apps/cli-linux-arm64-gnu@2.5.0":
  version "2.5.0"
  resolved "https://registry.yarnpkg.com/@tauri-apps/cli-linux-arm64-gnu/-/cli-linux-arm64-gnu-2.5.0.tgz#7c49104baf401baae7286764516f38c950a5d394"
  integrity sha512-mTQufsPcpdHg5RW0zypazMo4L55EfeE5snTzrPqbLX4yCK2qalN7+rnP8O8GT06xhp6ElSP/Ku1M2MR297SByQ==

"@tauri-apps/cli-linux-arm64-musl@2.5.0":
  version "2.5.0"
  resolved "https://registry.yarnpkg.com/@tauri-apps/cli-linux-arm64-musl/-/cli-linux-arm64-musl-2.5.0.tgz#c1f0943ccb0faea036a2fc854c44dce384d769e1"
  integrity sha512-rQO1HhRUQqyEaal5dUVOQruTRda/TD36s9kv1hTxZiFuSq3558lsTjAcUEnMAtBcBkps20sbyTJNMT0AwYIk8Q==

"@tauri-apps/cli-linux-riscv64-gnu@2.5.0":
  version "2.5.0"
  resolved "https://registry.yarnpkg.com/@tauri-apps/cli-linux-riscv64-gnu/-/cli-linux-riscv64-gnu-2.5.0.tgz#1c9f3caf027c1b818253eaa4b24ef6f88bd30f46"
  integrity sha512-7oS18FN46yDxyw1zX/AxhLAd7T3GrLj3Ai6s8hZKd9qFVzrAn36ESL7d3G05s8wEtsJf26qjXnVF4qleS3dYsA==

"@tauri-apps/cli-linux-x64-gnu@2.5.0":
  version "2.5.0"
  resolved "https://registry.yarnpkg.com/@tauri-apps/cli-linux-x64-gnu/-/cli-linux-x64-gnu-2.5.0.tgz#2835a941f1f2c50014a92cff00d2f9e6d1aaec0e"
  integrity sha512-SG5sFNL7VMmDBdIg3nO3EzNRT306HsiEQ0N90ILe3ZABYAVoPDO/ttpCO37ApLInTzrq/DLN+gOlC/mgZvLw1w==

"@tauri-apps/cli-linux-x64-musl@2.5.0":
  version "2.5.0"
  resolved "https://registry.yarnpkg.com/@tauri-apps/cli-linux-x64-musl/-/cli-linux-x64-musl-2.5.0.tgz#c1dbb908d6762928ba65c477d9cd8e9a1a7890cf"
  integrity sha512-QXDM8zp/6v05PNWju5ELsVwF0VH1n6b5pk2E6W/jFbbiwz80Vs1lACl9pv5kEHkrxBj+aWU/03JzGuIj2g3SkQ==

"@tauri-apps/cli-win32-arm64-msvc@2.5.0":
  version "2.5.0"
  resolved "https://registry.yarnpkg.com/@tauri-apps/cli-win32-arm64-msvc/-/cli-win32-arm64-msvc-2.5.0.tgz#5ff5045afef27314727a657429c71cc07cf2fd31"
  integrity sha512-pFSHFK6b+o9y4Un8w0gGLwVyFTZaC3P0kQ7umRt/BLDkzD5RnQ4vBM7CF8BCU5nkwmEBUCZd7Wt3TWZxe41o6Q==

"@tauri-apps/cli-win32-ia32-msvc@2.5.0":
  version "2.5.0"
  resolved "https://registry.yarnpkg.com/@tauri-apps/cli-win32-ia32-msvc/-/cli-win32-ia32-msvc-2.5.0.tgz#288fe9c6c5bb3ff94ac0a6c1d23985bf453eb873"
  integrity sha512-EArv1IaRlogdLAQyGlKmEqZqm5RfHCUMhJoedWu7GtdbOMUfSAz6FMX2boE1PtEmNO4An+g188flLeVErrxEKg==

"@tauri-apps/cli-win32-x64-msvc@2.5.0":
  version "2.5.0"
  resolved "https://registry.yarnpkg.com/@tauri-apps/cli-win32-x64-msvc/-/cli-win32-x64-msvc-2.5.0.tgz#9e398e07f8a255aaa3400b1dc43fb985bb99cdb0"
  integrity sha512-lj43EFYbnAta8pd9JnUq87o+xRUR0odz+4rixBtTUwUgdRdwQ2V9CzFtsMu6FQKpFQ6mujRK6P1IEwhL6ADRsQ==

"@tauri-apps/cli@^2.0.0":
  version "2.5.0"
  resolved "https://registry.yarnpkg.com/@tauri-apps/cli/-/cli-2.5.0.tgz#828cefd5c64be9f96a0379583f9ad25e17c43208"
  integrity sha512-rAtHqG0Gh/IWLjN2zTf3nZqYqbo81oMbqop56rGTjrlWk9pTTAjkqOjSL9XQLIMZ3RbeVjveCqqCA0s8RnLdMg==
  optionalDependencies:
    "@tauri-apps/cli-darwin-arm64" "2.5.0"
    "@tauri-apps/cli-darwin-x64" "2.5.0"
    "@tauri-apps/cli-linux-arm-gnueabihf" "2.5.0"
    "@tauri-apps/cli-linux-arm64-gnu" "2.5.0"
    "@tauri-apps/cli-linux-arm64-musl" "2.5.0"
    "@tauri-apps/cli-linux-riscv64-gnu" "2.5.0"
    "@tauri-apps/cli-linux-x64-gnu" "2.5.0"
    "@tauri-apps/cli-linux-x64-musl" "2.5.0"
    "@tauri-apps/cli-win32-arm64-msvc" "2.5.0"
    "@tauri-apps/cli-win32-ia32-msvc" "2.5.0"
    "@tauri-apps/cli-win32-x64-msvc" "2.5.0"

"@tauri-apps/plugin-shell@^2.0.0":
  version "2.2.2"
  resolved "https://registry.yarnpkg.com/@tauri-apps/plugin-shell/-/plugin-shell-2.2.2.tgz#fc01ab7345f3a5ffc971308c744eaaa8355053e4"
  integrity sha512-fg9XKWfzRQsN8p+Zrk82WeHvXFvGVnG0/mTlujQdLWNnO5cM6WD9qCrHbFytScVS+WhmRAkuypQPcxeKKl3VBg==
  dependencies:
    "@tauri-apps/api" "^2.0.0"

"@types/estree@1.0.8":
  version "1.0.8"
  resolved "https://registry.yarnpkg.com/@types/estree/-/estree-1.0.8.tgz#958b91c991b1867ced318bedea0e215ee050726e"
  integrity sha512-dWHzHa2WqEXI/O1E9OjrocMTKJl2mSrEolh1Iomrv6U+JuNwaHXsXx9bLu5gG7BUWFIN0skIQJQ/L1rIex4X6w==

esbuild@^0.21.3:
  version "0.21.5"
  resolved "https://registry.yarnpkg.com/esbuild/-/esbuild-0.21.5.tgz#9ca301b120922959b766360d8ac830da0d02997d"
  integrity sha512-mg3OPMV4hXywwpoDxu3Qda5xCKQi+vCTZq8S9J/EpkhB2HzKXq4SNFZE3+NK93JYxc8VMSep+lOUSC/RVKaBqw==
  optionalDependencies:
    "@esbuild/aix-ppc64" "0.21.5"
    "@esbuild/android-arm" "0.21.5"
    "@esbuild/android-arm64" "0.21.5"
    "@esbuild/android-x64" "0.21.5"
    "@esbuild/darwin-arm64" "0.21.5"
    "@esbuild/darwin-x64" "0.21.5"
    "@esbuild/freebsd-arm64" "0.21.5"
    "@esbuild/freebsd-x64" "0.21.5"
    "@esbuild/linux-arm" "0.21.5"
    "@esbuild/linux-arm64" "0.21.5"
    "@esbuild/linux-ia32" "0.21.5"
    "@esbuild/linux-loong64" "0.21.5"
    "@esbuild/linux-mips64el" "0.21.5"
    "@esbuild/linux-ppc64" "0.21.5"
    "@esbuild/linux-riscv64" "0.21.5"
    "@esbuild/linux-s390x" "0.21.5"
    "@esbuild/linux-x64" "0.21.5"
    "@esbuild/netbsd-x64" "0.21.5"
    "@esbuild/openbsd-x64" "0.21.5"
    "@esbuild/sunos-x64" "0.21.5"
    "@esbuild/win32-arm64" "0.21.5"
    "@esbuild/win32-ia32" "0.21.5"
    "@esbuild/win32-x64" "0.21.5"

fsevents@~2.3.2, fsevents@~2.3.3:
  version "2.3.3"
  resolved "https://registry.yarnpkg.com/fsevents/-/fsevents-2.3.3.tgz#cac6407785d03675a2a5e1a5305c697b347d90d6"
  integrity sha512-5xoDfX+fL7faATnagmWPpbFtwh/R77WmMMqqHGS65C3vvB0YHrgF+B1YmZ3441tMj5n63k0212XNoJwzlhffQw==

nanoid@^3.3.11:
  version "3.3.11"
  resolved "https://registry.yarnpkg.com/nanoid/-/nanoid-3.3.11.tgz#4f4f112cefbe303202f2199838128936266d185b"
  integrity sha512-N8SpfPUnUp1bK+PMYW8qSWdl9U+wwNWI4QKxOYDy9JAro3WMX7p2OeVRF9v+347pnakNevPmiHhNmZ2HbFA76w==

picocolors@^1.1.1:
  version "1.1.1"
  resolved "https://registry.yarnpkg.com/picocolors/-/picocolors-1.1.1.tgz#3d321af3eab939b083c8f929a1d12cda81c26b6b"
  integrity sha512-xceH2snhtb5M9liqDsmEw56le376mTZkEX/jEb/RxNFyegNul7eNslCXP9FDj/Lcu0X8KEyMceP2ntpaHrDEVA==

postcss@^8.4.43:
  version "8.5.6"
  resolved "https://registry.yarnpkg.com/postcss/-/postcss-8.5.6.tgz#2825006615a619b4f62a9e7426cc120b349a8f3c"
  integrity sha512-3Ybi1tAuwAP9s0r1UQ2J4n5Y0G05bJkpUIO0/bI9MhwmD70S5aTWbXGBwxHrelT+XM1k6dM0pk+SwNkpTRN7Pg==
  dependencies:
    nanoid "^3.3.11"
    picocolors "^1.1.1"
    source-map-js "^1.2.1"

rollup@^4.20.0:
  version "4.44.0"
  resolved "https://registry.yarnpkg.com/rollup/-/rollup-4.44.0.tgz#0e10b98339b306edad1e612f1e5590a79aef521c"
  integrity sha512-qHcdEzLCiktQIfwBq420pn2dP+30uzqYxv9ETm91wdt2R9AFcWfjNAmje4NWlnCIQ5RMTzVf0ZyisOKqHR6RwA==
  dependencies:
    "@types/estree" "1.0.8"
  optionalDependencies:
    "@rollup/rollup-android-arm-eabi" "4.44.0"
    "@rollup/rollup-android-arm64" "4.44.0"
    "@rollup/rollup-darwin-arm64" "4.44.0"
    "@rollup/rollup-darwin-x64" "4.44.0"
    "@rollup/rollup-freebsd-arm64" "4.44.0"
    "@rollup/rollup-freebsd-x64" "4.44.0"
    "@rollup/rollup-linux-arm-gnueabihf" "4.44.0"
    "@rollup/rollup-linux-arm-musleabihf" "4.44.0"
    "@rollup/rollup-linux-arm64-gnu" "4.44.0"
    "@rollup/rollup-linux-arm64-musl" "4.44.0"
    "@rollup/rollup-linux-loongarch64-gnu" "4.44.0"
    "@rollup/rollup-linux-powerpc64le-gnu" "4.44.0"
    "@rollup/rollup-linux-riscv64-gnu" "4.44.0"
    "@rollup/rollup-linux-riscv64-musl" "4.44.0"
    "@rollup/rollup-linux-s390x-gnu" "4.44.0"
    "@rollup/rollup-linux-x64-gnu" "4.44.0"
    "@rollup/rollup-linux-x64-musl" "4.44.0"
    "@rollup/rollup-win32-arm64-msvc" "4.44.0"
    "@rollup/rollup-win32-ia32-msvc" "4.44.0"
    "@rollup/rollup-win32-x64-msvc" "4.44.0"
    fsevents "~2.3.2"

source-map-js@^1.2.1:
  version "1.2.1"
  resolved "https://registry.yarnpkg.com/source-map-js/-/source-map-js-1.2.1.tgz#1ce5650fddd87abc099eda37dcff024c2667ae46"
  integrity sha512-UXWMKhLOwVKb728IUtQPXxfYU+usdybtUrK/8uGE8CQMvrhOpwvzDBwj0QhSL7MQc7vIsISBG8VQ8+IDQxpfQA==

vite@^5.0.0:
  version "5.4.19"
  resolved "https://registry.yarnpkg.com/vite/-/vite-5.4.19.tgz#20efd060410044b3ed555049418a5e7d1998f959"
  integrity sha512-qO3aKv3HoQC8QKiNSTuUM1l9o/XX3+c+VTgLHbJWHZGeTPVAg2XwazI9UWzoxjIJCGCV2zU60uqMzjeLZuULqA==
  dependencies:
    esbuild "^0.21.3"
    postcss "^8.4.43"
    rollup "^4.20.0"
  optionalDependencies:
    fsevents "~2.3.3"
